# This file was autogenerated by uv via the following command:
#    uv pip compile pyproject.toml --python-version 3.11 --python-platform x86_64-unknown-linux-gnu --index-strategy unsafe-best-match --generate-hashes -o requirements.lock
annotated-doc==0.0.5 \
    --hash=sha256:117bac03a25ede5df5440e855b32d556049ca169ead221505badf432fed4b101 \
    --hash=sha256:c7e58ce09192557605d8bbd92836d7e1d520ac9580096042c0bfd197efacf1bb
    # via
    #   fastapi
    #   typer
annotated-types==0.8.0 \
    --hash=sha256:13b2beaad985e05e2d6407ee4c4f35590b11f8d693a258a561055cac8f64cab7 \
    --hash=sha256:f072f4d804ea359e4eaf198b1af7a8b0943881a87f31bb764f8bf219bb9419e0
    # via pydantic
anyio==4.15.1 \
    --hash=sha256:6152fdbbf9a77fdec97731721bebf7c4c44f7c29b424b0065826173efc7ed101 \
    --hash=sha256:9f28306018cbd6d329e64a36d58256edff76dd996fe423bc957326e578b82a94
    # via
    #   httpx
    #   starlette
certifi==2026.7.22 \
    --hash=sha256:62f22742b58a1a33014a2b6b706588a8d7e2a88ae7bd1a6ebe8c992928483775 \
    --hash=sha256:741e2c3b351ddf169a738da9f2c048608ff7f2c5cc02f1ebc6b118bb090d5d55
    # via
    #   httpcore
    #   httpx
click==8.5.0 \
    --hash=sha256:255bc9599cf7748b4b1a446ccc735421bd08a2ae529a8b88597d3de5664ee360 \
    --hash=sha256:ba0d2089de75ea0310e2dde03160e6ca10009947fb95a182f9b54021bb272e34
    # via
    #   huggingface-hub
    #   uvicorn
fastapi==0.141.1 \
    --hash=sha256:bfb91aa2d334c61cb35ba9a116fc123b3d3df31640b801cf57a7a78ec3f603b3 \
    --hash=sha256:e8822fc40db1e1858054d7a949a888695bc9bdce70139178e33bd2871a453ca1
    # via arxiv-classifier-api (pyproject.toml)
filelock==3.32.5 \
    --hash=sha256:142cd9fa77a872c5e78c62329a0d15278fadc686eb89e760017968961a4fd6b2 \
    --hash=sha256:f6a6a28f743f9b95ce19db5abe0f376f75eb56517dff21e1a4751e2657d3e83d
    # via
    #   huggingface-hub
    #   torch
fsspec==2026.7.0 \
    --hash=sha256:b57ddbafedfaef7018c1ecab32aa200a9d7ca26b77965f64e48b70061249d279 \
    --hash=sha256:c803c40f4cf860b49dea58ee3e1c33cb9c790520e233537e1340049f89b82a88
    # via
    #   huggingface-hub
    #   torch
h11==0.16.0 \
    --hash=sha256:4e35b956cf45792e4caa5885e69fba00bdbc6ffafbfa020300e549b208ee5ff1 \
    --hash=sha256:63cf8bbe7522de3bf65932fda1d9c2772064ffb3dae62d55932da54b31cb6c86
    # via
    #   httpcore
    #   uvicorn
hf-xet==1.6.0 \
    --hash=sha256:0e6e21fa3cdfcdcd76748564bf593870a5e013f47d97cf10aed63aa222cff5b7 \
    --hash=sha256:23379c2f9ec8696d952b16414a2bae72cad86a52df869b050698ba60f538c675 \
    --hash=sha256:2e58454a340b3556dfa4972d5451aff4fba8dd42a236600ba1a1d2b1514f0fef \
    --hash=sha256:35cec30d75c6f9eb9c16a77cef68e85a103b72e24d4b473714ec9ff06428bab9 \
    --hash=sha256:3dc3e35441ba395006af5aaacc40ef2e603c51ef46c3530b9156185f00935ea3 \
    --hash=sha256:4fc74352a17015bd0ee90038bc9efe38db894cde45f268b6712b04fce8cd0acb \
    --hash=sha256:5153e6bb103ad49d6ea9f1b2e230db5a2ea32551ad09a706d2f61d7c7c80d80e \
    --hash=sha256:5789835d7c6bc9436962853192082374297fb72d7eff7e7762ec25ceb7e25338 \
    --hash=sha256:633dc0cd71d32da58ab8c03ad38e2fac452c15c2b0a2866ebf6ededfe0a5061d \
    --hash=sha256:70cbb9c896901600128cb9b6f06e132954fbede1db30f31f7c6c63f84cb7c31d \
    --hash=sha256:75765820ce4700db3750c94acc8fe27c5fae4c9ec000a0dbac3ca082acf97765 \
    --hash=sha256:8fb4f71cba6129110c3374a33f919001ff130488fc23553698e34cc1c2a1198c \
    --hash=sha256:948f15d3a9545cfe5932f6bd8b440f6ae630aee108f14b7bd6c561f7c2dcc522 \
    --hash=sha256:d62671bb130879cef0ee4c9ebe47a14af6c66ec53e6d84dc15936e5ffdfac82f \
    --hash=sha256:f0906082d9932ae0c0057fa194041c22b4e2cdb46b2592ef3b91f020d62a081a \
    --hash=sha256:f2f7278c05c22fd60cb436cda1269649b3e81db65ecdc8496e5e164aa4143e7b \
    --hash=sha256:fb4fadde1b2b70bf4c0c14a6dccbe7194b1c28947fefd5bbe3fed9d940676c3b
    # via huggingface-hub
httpcore==1.0.9 \
    --hash=sha256:2d400746a40668fc9dec9810239072b40b4484b640a8c38fd654a024c7a1bf55 \
    --hash=sha256:6e34463af53fd2ab5d807f399a9b45ea31c3dfa2276f15a2c3f00afff6e176e8
    # via httpx
httpx==0.28.1 \
    --hash=sha256:75e98c5f16b0f35b567856f597f06ff2270a374470a5c2392242528e3e3e42fc \
    --hash=sha256:d909fcccc110f8c7faf814ca82a9a4d816bc5a6dbfea25d6591d6985b8ba59ad
    # via huggingface-hub
huggingface-hub==1.30.0 \
    --hash=sha256:96ae0a8e99a234374a6fe43e989ebd21c04640b91ab2927e7e5773ba1131ca59 \
    --hash=sha256:e6a6120bc8c8e2723d03648434ee247088cceb55ba7067e7d34d692cad5fdb57
    # via
    #   arxiv-classifier-api (pyproject.toml)
    #   tokenizers
    #   transformers
idna==3.19 \
    --hash=sha256:5e0811a4383b21dc5838069f801c4fb62113b7447663d2530d2bd6e77b49bf15 \
    --hash=sha256:815e7be7a7806d54abb586dc943addc79e8b2ee16915059658cbeff4b1b43bf4
    # via
    #   anyio
    #   httpx
jinja2==3.1.6 \
    --hash=sha256:85ece4451f492d0c13c5dd7c13a64681a86afae63a5f347908daf103ce6d2f67
    # via torch
markdown-it-py==4.2.0 \
    --hash=sha256:04a21681d6fbb623de53f6f364d352309d4094dd4194040a10fd51833e418d49 \
    --hash=sha256:9f7ebbcd14fe59494226453aed97c1070d83f8d24b6fc3a3bcf9a38092641c4a
    # via rich
markupsafe==3.0.3 \
    --hash=sha256:0bf2a864d67e76e5c9a34dc26ec616a66b9888e25e7b9460e1c76d3293bd9dbf
    # via jinja2
mdurl==0.1.2 \
    --hash=sha256:84008a41e51615a49fc9966191ff91509e3c40b939176e643fd50a5c2196b8f8 \
    --hash=sha256:bb413d29f5eea38f31dd4754dd7377d4465116fb207585f97bf925588687c1ba
    # via markdown-it-py
mpmath==1.3.0 \
    --hash=sha256:7a28eb2a9774d00c7bc92411c19a89209d5da7c4c9a9e227be8330a23a25b91f \
    --hash=sha256:a0b2b9fe80bbcd81a6647ff13108738cfb482d481d826cc0e02f5b35e5c88d2c
    # via sympy
networkx==3.6.1 \
    --hash=sha256:26b7c357accc0c8cde558ad486283728b65b6a95d85ee1cd66bafab4c8168509 \
    --hash=sha256:d47fbf302e7d9cbbb9e2555a0d267983d2aa476bac30e90dfbe5669bd57f3762
    # via torch
numpy==2.4.6 \
    --hash=sha256:001fbb8e08d942dd57599e781f2472269ee7f2755fae407b4f67b2f0b17da3f1 \
    --hash=sha256:0280e0356c0829a18d9de1cb7eee50ec22ca639878d7240307ca0943d73cd2c4 \
    --hash=sha256:043191bfa8eab18c776647b62723ac9dddece59743b13f49b2016094129c2b3f \
    --hash=sha256:06ca2f61ec4385a07a6977c55ba998a4466c123642b4a32694d3128fce18c079 \
    --hash=sha256:0a041d3d761dc3c35cc56ce0351506a02bcbc25f7b169f652435141a17db9096 \
    --hash=sha256:0ab0a9c4ffb1a6d95ef519fe4247dba8eb6b18ad93999f76b7f657039acabd47 \
    --hash=sha256:0c9136e14ed34a9e343a31c533d78a9813a69a3148332bce5e9821cb2f996e66 \
    --hash=sha256:110f8b71aacb688ec69062bb7f6938a0f8acb01b7c1c4beb453c65b6d234584d \
    --hash=sha256:112b06a867b235ef466ed3508ddf0238050df9c727cafb5301ac385b899189a1 \
    --hash=sha256:17f9ade344e7d9b464a084d69bcf18fc691cb1db67c62ed80820bf4926d78f0e \
    --hash=sha256:1e254a00cdf42b1e4d5b3d68d33af63268d41340d8885df2ab6470f2e1500147 \
    --hash=sha256:1e978ec1e8bd0e0e4de6bb75de9d30cbb74db6b6a2bb727618613703ca0167dd \
    --hash=sha256:25c692919ac5a01f170a3bfcd62d745b24fd095c353d50812637d6fcab442e75 \
    --hash=sha256:260a5d70215b61ab4fadf5c7baacd64821842975eea312125ed3c39a6391b063 \
    --hash=sha256:2803abfebfc990042cd494d8ce2d5f82e9d847af6d35ec486923aa19dbad5e73 \
    --hash=sha256:29a287e0cf63ff528da061de6b9f64a4618da591ca1046aafc54062e40ca7eab \
    --hash=sha256:29cb7f67d10b479ff07c17d33e39f78c07f71c40ef30d63c153d340e96cd3fb4 \
    --hash=sha256:3213d622a0283a39a93d188f3cf72b26862df52fbb4ca3697f51705016523d41 \
    --hash=sha256:33111801a01c12a8a1e3721f0a9232f8cfc8ae2c6b7098167e6f623c6073f402 \
    --hash=sha256:357cc07a6d7b0b182ff02249616a03742827ebb1277546b5c7cd7f7620a45698 \
    --hash=sha256:38efbc8de75c7a0fc1ac190162d892787f3f47b57cc291231aafee36b80982b7 \
    --hash=sha256:4081eb135ac24158bd51cdfbef16f1c64df7063b1143f24731387137c092bec8 \
    --hash=sha256:40fdc1ae7125e518ea98e53e69a4ebc27e1fd50510c47b7ea130cf21e5e1d42b \
    --hash=sha256:4cfe66903cc32a9921a6733d96b19bb6abf310397581bbad89c228f5abaf0ee8 \
    --hash=sha256:511dbaf848decaaaf4b4ca48032619fb3138710c4bf7da7617765edad1ef96b0 \
    --hash=sha256:55cced7c52e981362f708ad635198e97a752dfba412cc03c23bbf3bd8d5cd662 \
    --hash=sha256:56b39e5e0622a09a25bf5baf62f4bcf0cb8a41ae6e2819cf49bbc5a74c083f91 \
    --hash=sha256:5dbbdb29840ca3d91ee0fece42fc29278886d908280bfec0a5846c6f901a3eb0 \
    --hash=sha256:5f9fb9157b4ce2971008323afe46053787b526ef624fea915b261468a8421a0f \
    --hash=sha256:6180d8b35af935aed8ece3a85e0a43f87393ae0ac87c8d2c8bd2c993f7270ef3 \
    --hash=sha256:68a5124b13fa6cc2086764a20005d30bc0548146f7f5322f02fce212ca14317f \
    --hash=sha256:68bb27509ac1b9a3443094260f6326150663b06abe40b73a2f81160623da5b67 \
    --hash=sha256:6f41ae150c4e32db4f3310cdaf64b1593a03dbabe29eec77fc9b50fe64061df6 \
    --hash=sha256:7265a2f3d436e54ef9f2b52b5c937e6be778781bd97a590319d7348f1c1ca997 \
    --hash=sha256:72fbe16c6fac95aedf5937fa873445cec2110be35d8a4e9433d7501fd98dae6b \
    --hash=sha256:7d92c3819208a60205a12a245c91ad70cb0a85336659b19b834205573ac8456e \
    --hash=sha256:8155154c7c691289fe18f510b5d4657c68c67989f293f0535a91360392ff6538 \
    --hash=sha256:81a1cca95ed5bb92aa8b10dd2cdc9a0d3853a50fad926c28b5d7e8ea54389627 \
    --hash=sha256:89cd468399cfd2504718f0ba50e410dca55a170b61a02ad92bb18c8a65186e93 \
    --hash=sha256:8ad03c0965fb3c692200e74d458ca28c1dbb4ce96f9a479a8aa041ad5fabca02 \
    --hash=sha256:90f9849678c75fe7afa2d348ac842c168b0a4d3d61919687216dfc547976d853 \
    --hash=sha256:948424b06129ce883307e8cff868c31396d8dc7630a59c61d70d98dbe70f222c \
    --hash=sha256:9cd5ffd25db4e7ba6a375693b3fc0fc1791ec636c17db3720da19bde7180ec43 \
    --hash=sha256:a0df0043bdb289bde1f62da130d20df23d58b45429f752bc7a8fc5325a225ecd \
    --hash=sha256:a2c306dea656c12c68f51f4cea133cbe78ca7435eb28c735eac1d3ebe73be6e8 \
    --hash=sha256:a7830bab239b79cda9c08c2da014761cafb48da6150e1da17ac06283f43b6089 \
    --hash=sha256:a7c711e21628b52034bb5ab8d1bce291f752fcc5e92accc615778acee1ff4778 \
    --hash=sha256:aaf159caa35993cb1f56fb9b8e4610d35758e7ca005412eb1daa856a78c9c4b1 \
    --hash=sha256:ae506e6902902557576a26ff33eda8695e7ecb3cb36c3b573a0765dee114ebdb \
    --hash=sha256:b507f5c4c1d508876d1819b6bf9a49d365b96320b5d4993426b33a23ca4b8261 \
    --hash=sha256:bf162abab1c1a736333192707cef898e735a5ca00f38f27eeedf44b39d9e85eb \
    --hash=sha256:c1a2af6c6ef86344a6b0db6b97834208bf598db514f2b155042439b62605601a \
    --hash=sha256:c2d37ab77531417474168eb79d6d80b14f821a966818505d03013d0833edb7a8 \
    --hash=sha256:c4fc99836233ea196540b17ab0983aff60ed07941751930f5f4d05bc3b3b7359 \
    --hash=sha256:d581b735e177fdcdce6fed8e7e8880a3fb6ee4e3653a3ac6af01c6f4c03effc5 \
    --hash=sha256:d6da64deb6b8ed903e7560180a92f2d804ee1ba5eeb849ac2748b8c1aba1f6d7 \
    --hash=sha256:d8e8286dd7cea7895157318d1b91cdacac64c479f3cbc8dce548331728484751 \
    --hash=sha256:ddea102b48f9e339f3948bf22040944184627a30fdf7f858667673b9c5f033c8 \
    --hash=sha256:dfa20cc6ca228e6b155b11da03825975ce66aea520985dbbddf0f2a5a495c605 \
    --hash=sha256:e3e5193ef5a3dc73bceee50f7fdc2c90dbb76c42df8d8fae3d1067a583df579e \
    --hash=sha256:e3eeb0aabd6bd5ce64faae67e9935203a6991b4bc2a485a767fbafb2c5125f45 \
    --hash=sha256:e5805d5a22fd19c8ccff10a9561f9df94436b0545619ea579db2d3c35294bce2 \
    --hash=sha256:e85b752a1e912b70eaad4fafbd4d1238007ab221de2009b9a2f5ae7461239895 \
    --hash=sha256:eaf7fa2de5c0be8ae6ff8e9bea2ccd725e980541244521d8d4b5f3354a27babe \
    --hash=sha256:ebfb099f8dcf083deef3ac1ca4c1503f387cf76296fcb3816b66f5ecb5f54fdb \
    --hash=sha256:ece3d2cfe132e7d51f44a832b303895e6f2d499c5e74dfbdb06ee246147a304a \
    --hash=sha256:ed9749eef4cbd126da3dc1d6bcb3a57f5eb7ac6a6484146bdbf743f552dfc577 \
    --hash=sha256:ede83e07a75dd06bc501566c1eca2afc0d61677c1472ac9ad93fdee6e638a48d \
    --hash=sha256:ef4aea96ce4d3b074422cb4f2f64e216bf9e213004bb58ecfdf50ea02ea8eb9a \
    --hash=sha256:f3a3570c4a2a16746ac2c31a7c7c7b0c186b95ce902e33db6f28094ed7387dda \
    --hash=sha256:f407cb6b8e9d6d8c626bc73c945db1706035af8fd632295547bf1c9e46d092d6 \
    --hash=sha256:f74a575920ab21fe304421a3fc28793d82e299cae9eccb37084e9fc7f3617c20
    # via transformers
packaging==26.3 \
    --hash=sha256:94edc256424af38762eb31306eed28beb9f0efc50a8837492c9d6fd6004aed79 \
    --hash=sha256:d7193f7c8e4e93f444fde0262bf90af30e16fa0ad0ad44cb553c87339b23cd1c
    # via
    #   huggingface-hub
    #   transformers
pydantic==2.13.5 \
    --hash=sha256:346a034f080da3755d8e9cb5e00e8b07de1d39e4f6e2c87d8ab7cafa0b269a73 \
    --hash=sha256:51a9c5f7b2f8e636f04c6cada605d9b6a3bf1348fdf945a3d8869b19bba0ee08
    # via fastapi
pydantic-core==2.46.5 \
    --hash=sha256:013d6f3483d81e02e7c328831808f336c8596ee33b4bd4026b9ffb1e960b8942 \
    --hash=sha256:03b9666e41e35d8909852ba191a0607520f81b74eaf12ccf8737005dbb313821 \
    --hash=sha256:045ab3b6d308439e32b81cc173bba5b9018bc6ed896afd0c65b3b009b1699af5 \
    --hash=sha256:0bddb4020d8f04175865ccd17eff3040874fc11fb593f424edb452653b4b947c \
    --hash=sha256:0cdbada856a1c69a7624a64d3d9aefe79300bd6ef827b43a4f265010b9b55184 \
    --hash=sha256:0fc5be0abd4a407e200d844b404e33639a554e7bd0d448e7b9ae181be4789ac2 \
    --hash=sha256:10416c15b8839ecc4ef4d0885da76da6fd0f67333a0eb8aff6d93c4b8f2910fc \
    --hash=sha256:15f4a94963c95accac15b7b657bb177d3ad82bb90b0d0526d9a9b85079925db5 \
    --hash=sha256:18a09e1e1011b462f2e32774f25859ef1223d5c2b0546a633cf56654710721e0 \
    --hash=sha256:193375f3548919d3f0b60936ca113ada3e38f264f91b9b8e0508efaad57be931 \
    --hash=sha256:1a353f84de772f423b5ffb11d7ae352fbbef0f446f3c0b0af0f8236d7233606e \
    --hash=sha256:1e449def1945a462c464331254e5a44fca7c3b4f9aedf59ec2f50f8066dd8e25 \
    --hash=sha256:1e5aad1220a1192c42341c8fd4a8686657e73ab2a920c970bdc4de334fe3193d \
    --hash=sha256:200aa3dc9f8d54f0754f43247c0bad0999fdcfbfd2488384dd44f37279271fe6 \
    --hash=sha256:2471fd51c61c610e1dcf7de44d7299283661654d11264ab4802b303368d69c47 \
    --hash=sha256:24922243639cbdac66c75fcb6fd6495a9cb52b213d62f9a0d16f0310b1ff8038 \
    --hash=sha256:28a6a556cd3b6066bea827857f9d9cce027c96f776e512f544a581f9e42161f8 \
    --hash=sha256:2bc9419666990c06d7397831f2126a1ecc3594aaa3ff7de5bf2d066802f4e07b \
    --hash=sha256:2cbd9a5eff05e51c447c34dfa4632145b26b09120cf04bd0c871e44c1a5e1c9a \
    --hash=sha256:2d330aaba8621b1edcec8ae2c4050f63b84ccf6d98723a8f212e9684713abf0e \
    --hash=sha256:2d5d76654becf5efd62c9e51c3756c67b49498b0c9a40884934c40807adbd074 \
    --hash=sha256:337639ba62a11acde6ef3aeb08c8ea755f8ef1fe5e513356c0f36a2b0d7568b0 \
    --hash=sha256:347ec774390c87326a2e4929d58d3f7e8763a104d5d35f4cd595a4c952366433 \
    --hash=sha256:356c8368cbc321050b169595683a2e1d63413b1e0e2868b330af9fc14c616d3f \
    --hash=sha256:37ae34309d7bd8c0d61ab839668058f2a7962ea1fc51d105d2db228fe0618034 \
    --hash=sha256:37ea7b83c935e5b0d68c9449b82651accf78a10828b2c02b2f2d9e9496446c21 \
    --hash=sha256:3a3e26b6a8274211bddee2d0e4d0d42778f17a34510f49d2ec44b58abfc41736 \
    --hash=sha256:3aa166e99c4f2985407fb8714aebede877ecb5455cf321b606adca926d30d5a0 \
    --hash=sha256:3d2652072b2d774947ba5cf78a9e59644ac62ee572daf6dd2e1dfe905e15b2b7 \
    --hash=sha256:40375c2d05acec10323e45dfe2077ac44bc74659008614af5069034e2cfc781c \
    --hash=sha256:413a717a410d0c817ef5b786a059415550b3794e1d0c2abffd9efb93a3d9f7b4 \
    --hash=sha256:46c25dda9d092a06c08db76ffe0a197107904d0dfac653f7d5306bbcd6d6119c \
    --hash=sha256:49776eab08766a08dfff7012f8b422dcd7e25e43b316eedf0477c24fcfa84b7c \
    --hash=sha256:4d44cf99ddebf875f9b68cc267aa684c99b7b44fe63ee1cac4ec163807290069 \
    --hash=sha256:4dedce55295becb61921e386b99d4f2706045306e7fa52249a33004c837379fb \
    --hash=sha256:4f8507560a9284e1370bb048ed4282012fbef4e8d109875b95e884d228552061 \
    --hash=sha256:4fdc8b93a41521988916eeaa271173fcca7fa0803d62f87675aac8dcec1c8e29 \
    --hash=sha256:5086029a57366b8cf81b130a43908738095c270c21a8d7f0e8bdfdb89718e2f3 \
    --hash=sha256:52e24eacdb536cade636aa90fb851835222becff8484b7001fdc78cb0290f2aa \
    --hash=sha256:53feb344243bb9510a9dec7bf3cf1b64d88a98af5dc7872a5160465f8b198c8e \
    --hash=sha256:545f26c504b27c3758439a5e6d9349931f0a04f855668d5fe323c89e82300a38 \
    --hash=sha256:54d510bac3ee52247af28ed4bb18a1e799f040ac60fd2bf5ccd4c92f1fbe786f \
    --hash=sha256:5cb482e9e84c851f4e623fe4acc1ced89168cf1fe18f7089db4548c8f5bbb65b \
    --hash=sha256:5e81740c09e310f5aa5cbd3e434a01c154d4bef93241c7877b39f211d2b78ba8 \
    --hash=sha256:5ee239d575f80b08eca11f6e20f90c4c695de7825c67eefe6091fbf20dda648e \
    --hash=sha256:5f194189415698233dd1114a093a9b56e61e2c57e11b469be3b0506f46f0771c \
    --hash=sha256:5f93c5fe914d75fbec9a49209b00da5f08e9e467d69da2b1510c81940cfd10be \
    --hash=sha256:657b40d6240c0a7b6a64b30f22d1e3aa631c7e846c621b0c0f6d1d75e2e15ea6 \
    --hash=sha256:6d30e1a4f138b8951063e9a394752a9179b51da288ffa507b1e659222f4c1793 \
    --hash=sha256:6f7b393a8b3da82f5c1fc0751e6d01ac6c55b93c18226a60bdfba4a724efafd1 \
    --hash=sha256:701b2e04b560eeb4bddf7a25ab8ca476176e34fdbd9a0e18196f0d12d4685f0b \
    --hash=sha256:771cf63ae0b1b50dd22e5f3e3549fab5f3f4ff1635d352a9e1a97fe01c7b2e64 \
    --hash=sha256:79bdfa52f843137045b2d081cc05c120ba6665d29b7559c2c47690906f39279f \
    --hash=sha256:7ac031912d54f3d83ef3b3eb98dfabc1608802e2202263d25957eeed40b94761 \
    --hash=sha256:7b0fc826b16c55e561e5d2a0c5c77b051ba1d92808118c4e4b5390f5e0cf191d \
    --hash=sha256:7c6be839a5a8312626b32029a415644a0846b420bc8b52b95b28cd92da162168 \
    --hash=sha256:816ff0a6550ffc06c098ccd2e0698600f9aa7da192a79eaa6f9af504a35db869 \
    --hash=sha256:82a36973cf8a2ef5406f4fe2edbf8ed0c99629535d959e0b100c76a32535a111 \
    --hash=sha256:837b396ca3d7b74091ca623f6cbd8351bd42d670a79c2683e79fb089f06a2de5 \
    --hash=sha256:850a08d167dde16db8702c274f320c7be9d7da6f6dff2b58b18f9e815bd94f5b \
    --hash=sha256:8816f3d218beb4b787de5c9759c259b8fa61f9dec42dc7811f320a33771778b7 \
    --hash=sha256:892a881d5f68c2b9ea304b7a6c2c60d9343df578a311b0f86b94bc8f1ffe8129 \
    --hash=sha256:895395f8918627b04efb1ad2a4cf605387143300ba03304cd1dfa6d03f5e095e \
    --hash=sha256:8b10e3e8fd7ddc2bd915848a2768e44c15b22936f1cc54c462ad1164deb02655 \
    --hash=sha256:8e24d8f05fa2d28513d94e877e9c75ad66175376209b3977f916e240e623193c \
    --hash=sha256:8feeac04b5794e513e710af2f9c87d49f31a6dc47967bb264a1fed61a8989bec \
    --hash=sha256:9432f3598db432cb51c5b37fdbf29a60fcccc79e30d37a05022776a6bc4ab689 \
    --hash=sha256:976e1128455aa595ea04c79ccfedff1aaeab96ee013fcc916bed120c4f0ad94f \
    --hash=sha256:978e7b97d4824b5be09c69fb70507cbde3b0323fc147332ca40a94d9a6a0ebbf \
    --hash=sha256:97bf8de4d541598c94a59344eeb988a94c08ff76b5723c41f6567ec18c7892ea \
    --hash=sha256:97cf3eb53a8cccacf9d46686a0926186c9bfb5574f2ed66d3639d5fe117cd3a9 \
    --hash=sha256:9b68938dd5b0c783d88ff8e2dcc69451b5eb936fe212d516b21b9d5567f6d464 \
    --hash=sha256:9c4b71f10dd532fb7a5cbc8f58707779e64f03a258c2bf8bfbaecfcd9970b519 \
    --hash=sha256:9f47b8a949e60f027f0aa0a6f6c7b7e9c55cbf4380d10b344e282fa4e7ab1e1b \
    --hash=sha256:a1dee1b804ff4d11c663636cf15d2ea47e9f79cd56c033fb1cbf08924842a48f \
    --hash=sha256:a2468d93d181667a7abd66e1b64bb9f76f361b0fef8faddf687456453576f5ee \
    --hash=sha256:a2a5e1d0ff29adddc9f6d6821a66302e4493f8ca898b715b6b1182c2c201ea0a \
    --hash=sha256:a39ac25a9a2fa4072efdb429833c4a4c8009a51ff9eea3eeae131713cd27991e \
    --hash=sha256:a445486499897b88a7d6c310c88ed64dd37b1b59bfd7ae9107490bbb362f47d6 \
    --hash=sha256:a91c17edf6eea2402cb5457b4c89e99bc5ed1004aa34c4adf1d4258c1a5c22c2 \
    --hash=sha256:ab4b66edffb32d9e951efb3814bd104b8367a7501b81b955cacb5726d897389f \
    --hash=sha256:aca6c767f552b21b10f774aeac128e828eafb796adfa1b666a18bf6321453c3a \
    --hash=sha256:acf8a67ba51f4ca9ddbd0e6b3000a65ac51ab734661778b3e7ba64d99a710f2f \
    --hash=sha256:b10ec717381bdbfafef34607824db4c91de69ff085e4fca3b2af91b4fa17e68a \
    --hash=sha256:b49924c73a235e969511bf2aabdff3beebf9820931f646c80274d5d780010c47 \
    --hash=sha256:b6acfb46a814762367fb7ba0828b0a17d441b92ce249a0e007474c9072662dda \
    --hash=sha256:b7ca9034437b6022f941f4857459562ee00a560b97e7cce8a0ec5a74fc6766e0 \
    --hash=sha256:b98134087d9de723658d17a42c7d0da8d6e2ef08015dee7dc93889047315f5e4 \
    --hash=sha256:b9fe6fb92520e3fd61f2e49000b6911b188824f089b75973ea06d6267f0b476d \
    --hash=sha256:bce57638e08ac148e5778cce7feb968307a727d66f8e2274a543d0cf0c9ad6a3 \
    --hash=sha256:c14ad3bdc85ee7f318742c457ca3968a92126d144b15721c759033bfb06296c2 \
    --hash=sha256:c1c43ad4339643d70ebb8124e1305a7dab423001eff58bb41a0f731adbc98355 \
    --hash=sha256:c3471e5c4a949c26ec00a77f01df59096aa9495877de76fd60a980f8ee6be461 \
    --hash=sha256:c583b927a8838dab890706a6fa7573fbb8b70e24000ef9f7238e2d6f6435a5ed \
    --hash=sha256:c76fe65e607be28c7fd4d56fc3c42b1583aa058ce3408b7ad0fd540171d31f9f \
    --hash=sha256:c7ea57fc63aa7da93a1bd2d644e6577befae10c52c4e36377635eea1056a74f5 \
    --hash=sha256:cd5214352ae68f3b5e9af7768bdc5253695ee069675db3480518420b3be881f2 \
    --hash=sha256:cdbb78909f52b981d3b2d56b97328d71eb0b974c36bd77c920123a7ebb192829 \
    --hash=sha256:cdc8b74ecc48c0cb1e9607a05ec4e9e88db60a19ffcc9a1d5f9088ede40c8dc0 \
    --hash=sha256:d0a24b40877af2de4950252be9d21eaf7fb07660f3c2cae1f56c6b599ada5266 \
    --hash=sha256:d22a945598fb91236b4dd793a6e42e4f3dd7740bb5aace5ebd7d4c08d13bb575 \
    --hash=sha256:d2f9fc07a8042a8f95925b35c4f04f469707c981fc33245b6ca187cf5d2dd290 \
    --hash=sha256:d625a186a65201c23a9e3b8ed9c47e90a026e03256608cc91851c6709096844f \
    --hash=sha256:d925f3d9afd05a8c0fb3a1031463a8d59ebe5e2afad297e29c78be19e13b4e62 \
    --hash=sha256:e64e88d5585bea9ce95861079de72006c7fa6d3df4e3a3b65ba31eb979c15c9f \
    --hash=sha256:e652ab17569c94bff5475520f907b7148b8c24036a8ebbe5cf7cf7493d28579a \
    --hash=sha256:e7b891faeedeafba41b2983e5001a81b6a915b69544c7e7570d1989ce1c36ac7 \
    --hash=sha256:e80675d75ae2cd14372cb65cad5400d9347a3d3f6c13000183f22dfd027283ed \
    --hash=sha256:e9c134bb666dd54b778b9fc0d2b50cbb7f979b9e3716f26a88c9ab3b6fc1dd0f \
    --hash=sha256:eb7d8d0e5886a89a55d2eef490e272fa965a9d57c6b29a5b5088a7997ec2cad1 \
    --hash=sha256:ecb42011e12ee19cafbc312887cbf3546959fe02fbad44f272d4be5baa997615 \
    --hash=sha256:ef3fbbf161dc9351a2fe0422e51b129f9e97e42385bd0320b309c15f7d287dd8 \
    --hash=sha256:efd62a42486f1bda5d24cb4f63d15a3c7768375fe83d36f9417b4ad7a2fb20b3 \
    --hash=sha256:f077d0b97ab11fa7dcc633fca53515f290bca8a8a633e966d5b6d1879d9ed01a \
    --hash=sha256:f332f0e72a5a0400141f830744e141bf9f97917878dbe968669e8a7fefea78ff \
    --hash=sha256:f7b0ec93a2893de856652154d73b7ba622f26fa97726487dcac373de5f4c6084 \
    --hash=sha256:fa10ef4112775900e7a0661068635eb67b2ab824fbde764de6e0e21982a93db0 \
    --hash=sha256:fc5d783bd4a2387e97b8a2d5ec781cfb92b3d893bf82370548e99db5915935d3 \
    --hash=sha256:fc8515076c11f3cfdf4fb142dcca0fe384b1230a3b5415458ac84f3e0903ec13 \
    --hash=sha256:ff218293c9c806138dca139765e3b067621be52bcd93cdc14c7711be7ddc90a9
    # via pydantic
pygments==2.21.0 \
    --hash=sha256:2363c69b61c4a97c838da3b130dcd6468f4848992b21a82f2a63ec34377137d9 \
    --hash=sha256:610ca751c9bc2492b38eb9a38a7fbc93edbbb2d7182edaf34e66ae493dee5c8c
    # via rich
pyyaml==6.0.3 \
    --hash=sha256:00c4bdeba853cc34e7dd471f16b4114f4162dc03e6b7afcc2128711f0eca823c \
    --hash=sha256:0150219816b6a1fa26fb4699fb7daa9caf09eb1999f3b70fb6e786805e80375a \
    --hash=sha256:02893d100e99e03eda1c8fd5c441d8c60103fd175728e23e431db1b589cf5ab3 \
    --hash=sha256:02ea2dfa234451bbb8772601d7b8e426c2bfa197136796224e50e35a78777956 \
    --hash=sha256:0f29edc409a6392443abf94b9cf89ce99889a1dd5376d94316ae5145dfedd5d6 \
    --hash=sha256:10892704fc220243f5305762e276552a0395f7beb4dbf9b14ec8fd43b57f126c \
    --hash=sha256:16249ee61e95f858e83976573de0f5b2893b3677ba71c9dd36b9cf8be9ac6d65 \
    --hash=sha256:1d37d57ad971609cf3c53ba6a7e365e40660e3be0e5175fa9f2365a379d6095a \
    --hash=sha256:1ebe39cb5fc479422b83de611d14e2c0d3bb2a18bbcb01f229ab3cfbd8fee7a0 \
    --hash=sha256:214ed4befebe12df36bcc8bc2b64b396ca31be9304b8f59e25c11cf94a4c033b \
    --hash=sha256:2283a07e2c21a2aa78d9c4442724ec1eb15f5e42a723b99cb3d822d48f5f7ad1 \
    --hash=sha256:22ba7cfcad58ef3ecddc7ed1db3409af68d023b7f940da23c6c2a1890976eda6 \
    --hash=sha256:27c0abcb4a5dac13684a37f76e701e054692a9b2d3064b70f5e4eb54810553d7 \
    --hash=sha256:28c8d926f98f432f88adc23edf2e6d4921ac26fb084b028c733d01868d19007e \
    --hash=sha256:2e71d11abed7344e42a8849600193d15b6def118602c4c176f748e4583246007 \
    --hash=sha256:34d5fcd24b8445fadc33f9cf348c1047101756fd760b4dacb5c3e99755703310 \
    --hash=sha256:37503bfbfc9d2c40b344d06b2199cf0e96e97957ab1c1b546fd4f87e53e5d3e4 \
    --hash=sha256:3c5677e12444c15717b902a5798264fa7909e41153cdf9ef7ad571b704a63dd9 \
    --hash=sha256:3ff07ec89bae51176c0549bc4c63aa6202991da2d9a6129d7aef7f1407d3f295 \
    --hash=sha256:41715c910c881bc081f1e8872880d3c650acf13dfa8214bad49ed4cede7c34ea \
    --hash=sha256:418cf3f2111bc80e0933b2cd8cd04f286338bb88bdc7bc8e6dd775ebde60b5e0 \
    --hash=sha256:44edc647873928551a01e7a563d7452ccdebee747728c1080d881d68af7b997e \
    --hash=sha256:4a2e8cebe2ff6ab7d1050ecd59c25d4c8bd7e6f400f5f82b96557ac0abafd0ac \
    --hash=sha256:4ad1906908f2f5ae4e5a8ddfce73c320c2a1429ec52eafd27138b7f1cbe341c9 \
    --hash=sha256:501a031947e3a9025ed4405a168e6ef5ae3126c59f90ce0cd6f2bfc477be31b7 \
    --hash=sha256:5190d403f121660ce8d1d2c1bb2ef1bd05b5f68533fc5c2ea899bd15f4399b35 \
    --hash=sha256:5498cd1645aa724a7c71c8f378eb29ebe23da2fc0d7a08071d89469bf1d2defb \
    --hash=sha256:5cf4e27da7e3fbed4d6c3d8e797387aaad68102272f8f9752883bc32d61cb87b \
    --hash=sha256:5e0b74767e5f8c593e8c9b5912019159ed0533c70051e9cce3e8b6aa699fcd69 \
    --hash=sha256:5ed875a24292240029e4483f9d4a4b8a1ae08843b9c54f43fcc11e404532a8a5 \
    --hash=sha256:5fcd34e47f6e0b794d17de1b4ff496c00986e1c83f7ab2fb8fcfe9616ff7477b \
    --hash=sha256:5fdec68f91a0c6739b380c83b951e2c72ac0197ace422360e6d5a959d8d97b2c \
    --hash=sha256:6344df0d5755a2c9a276d4473ae6b90647e216ab4757f8426893b5dd2ac3f369 \
    --hash=sha256:64386e5e707d03a7e172c0701abfb7e10f0fb753ee1d773128192742712a98fd \
    --hash=sha256:652cb6edd41e718550aad172851962662ff2681490a8a711af6a4d288dd96824 \
    --hash=sha256:66291b10affd76d76f54fad28e22e51719ef9ba22b29e1d7d03d6777a9174198 \
    --hash=sha256:66e1674c3ef6f541c35191caae2d429b967b99e02040f5ba928632d9a7f0f065 \
    --hash=sha256:6adc77889b628398debc7b65c073bcb99c4a0237b248cacaf3fe8a557563ef6c \
    --hash=sha256:79005a0d97d5ddabfeeea4cf676af11e647e41d81c9a7722a193022accdb6b7c \
    --hash=sha256:7c6610def4f163542a622a73fb39f534f8c101d690126992300bf3207eab9764 \
    --hash=sha256:7f047e29dcae44602496db43be01ad42fc6f1cc0d8cd6c83d342306c32270196 \
    --hash=sha256:8098f252adfa6c80ab48096053f512f2321f0b998f98150cea9bd23d83e1467b \
    --hash=sha256:850774a7879607d3a6f50d36d04f00ee69e7fc816450e5f7e58d7f17f1ae5c00 \
    --hash=sha256:8d1fab6bb153a416f9aeb4b8763bc0f22a5586065f86f7664fc23339fc1c1fac \
    --hash=sha256:8da9669d359f02c0b91ccc01cac4a67f16afec0dac22c2ad09f46bee0697eba8 \
    --hash=sha256:8dc52c23056b9ddd46818a57b78404882310fb473d63f17b07d5c40421e47f8e \
    --hash=sha256:9149cad251584d5fb4981be1ecde53a1ca46c891a79788c0df828d2f166bda28 \
    --hash=sha256:93dda82c9c22deb0a405ea4dc5f2d0cda384168e466364dec6255b293923b2f3 \
    --hash=sha256:96b533f0e99f6579b3d4d4995707cf36df9100d67e0c8303a0c55b27b5f99bc5 \
    --hash=sha256:9c57bb8c96f6d1808c030b1687b9b5fb476abaa47f0db9c0101f5e9f394e97f4 \
    --hash=sha256:9c7708761fccb9397fe64bbc0395abcae8c4bf7b0eac081e12b809bf47700d0b \
    --hash=sha256:9f3bfb4965eb874431221a3ff3fdcddc7e74e3b07799e0e84ca4a0f867d449bf \
    --hash=sha256:a33284e20b78bd4a18c8c2282d549d10bc8408a2a7ff57653c0cf0b9be0afce5 \
    --hash=sha256:a80cb027f6b349846a3bf6d73b5e95e782175e52f22108cfa17876aaeff93702 \
    --hash=sha256:b30236e45cf30d2b8e7b3e85881719e98507abed1011bf463a8fa23e9c3e98a8 \
    --hash=sha256:b3bc83488de33889877a0f2543ade9f70c67d66d9ebb4ac959502e12de895788 \
    --hash=sha256:b865addae83924361678b652338317d1bd7e79b1f4596f96b96c77a5a34b34da \
    --hash=sha256:b8bb0864c5a28024fac8a632c443c87c5aa6f215c0b126c449ae1a150412f31d \
    --hash=sha256:ba1cc08a7ccde2d2ec775841541641e4548226580ab850948cbfda66a1befcdc \
    --hash=sha256:bdb2c67c6c1390b63c6ff89f210c8fd09d9a1217a465701eac7316313c915e4c \
    --hash=sha256:c1ff362665ae507275af2853520967820d9124984e0f7466736aea23d8611fba \
    --hash=sha256:c2514fceb77bc5e7a2f7adfaa1feb2fb311607c9cb518dbc378688ec73d8292f \
    --hash=sha256:c3355370a2c156cffb25e876646f149d5d68f5e0a3ce86a5084dd0b64a994917 \
    --hash=sha256:c458b6d084f9b935061bc36216e8a69a7e293a2f1e68bf956dcd9e6cbcd143f5 \
    --hash=sha256:d0eae10f8159e8fdad514efdc92d74fd8d682c933a6dd088030f3834bc8e6b26 \
    --hash=sha256:d76623373421df22fb4cf8817020cbb7ef15c725b9d5e45f17e189bfc384190f \
    --hash=sha256:ebc55a14a21cb14062aa4162f906cd962b28e2e9ea38f9b4391244cd8de4ae0b \
    --hash=sha256:eda16858a3cab07b80edaf74336ece1f986ba330fdb8ee0d6c0d68fe82bc96be \
    --hash=sha256:ee2922902c45ae8ccada2c5b501ab86c36525b883eff4255313a253a3160861c \
    --hash=sha256:efd7b85f94a6f21e4932043973a7ba2613b059c4a000551892ac9f1d11f5baf3 \
    --hash=sha256:f7057c9a337546edc7973c0d3ba84ddcdf0daa14533c2065749c9075001090e6 \
    --hash=sha256:fa160448684b4e94d80416c0fa4aac48967a969efe22931448d853ada8baf926 \
    --hash=sha256:fc09d0aa354569bc501d4e787133afc08552722d3ab34836a80547331bb5d4a0
    # via
    #   huggingface-hub
    #   transformers
regex==2026.9.3 \
    --hash=sha256:01bdce6a372efd5ae3d8560cedbc691be259a50206564bbaf04008b2937721ab \
    --hash=sha256:0540de6e7917f89acaf9771bdcd6fa7e505c67416d3b283e52ad4ab25399c6d6 \
    --hash=sha256:05e9f7d16b42686fb38b1702071a7359469ba89e9d516e2ba5228e077dcac524 \
    --hash=sha256:0b1ba3aaaf5776de473ee16625ac60ac195abb0343afb273575a8201d99be089 \
    --hash=sha256:0edd12c8201222f58817689dc61fe44893f3f2f2aee530b211dfa92af84df9cc \
    --hash=sha256:0ee4721472e00e96b3cceec545c9867f91815f628f6ea304ae6cea93a7e4e7ae \
    --hash=sha256:0efb99024ad5ba9198ffa816156b3319c3164b5a8d1e35940d92fdc9158b8d9f \
    --hash=sha256:107319f437fc382e1e445d0abf8923db07f76e5fb3245ac5b09604e5dc8d4f63 \
    --hash=sha256:11f9b104fa7b23f736b50fe1980a1422eb4641865e82614a25413deabccae575 \
    --hash=sha256:14bf4a88833c12a990dbf5cca77eb293401d60878be7d566a2d5096fb0216c27 \
    --hash=sha256:14f8969a92ed847f78e8eed81c6a0384a9e8058a56eb659f83ddb59879c2e4e3 \
    --hash=sha256:185c1ae881856208dda05708b6c908aff76878e59c998c8548d365c1bbcaf1bd \
    --hash=sha256:1ba1dbbb93c5c5629c1861763aec5bfa9f05ad24ef450694130e25029ce7bc36 \
    --hash=sha256:1d9148e47cfa1a067138867996b1d5d825de0132fed8dac3c92eebaaf312d280 \
    --hash=sha256:1f22e0d21ae7016c77175c139a7fca465b988efc1280df4816c79752068d9e2e \
    --hash=sha256:1f975a75dae06e88665e4a709873d936a7e8f9445e3d354b75de0e735d28cf71 \
    --hash=sha256:233662cf8cfdfe3c0e58aa8f7bbefc579b5be0ac34546f123c159804179e8687 \
    --hash=sha256:24b4bbb65ff2c4e8c552c93c342bf5ffa0ad162d963d96bac7c1883c20e1b34e \
    --hash=sha256:27f0809798071f56fb1bc536bb93714a95e8ed2ec0dfd869f095deebb30fd11a \
    --hash=sha256:294ef8fb58a45f912513692380f366ca191940de5b3b3de5308ce2e8500d8ea4 \
    --hash=sha256:2a1269856278ae8bc78342bf20191c1f10638d2c22df72364d2fa02d70d49f35 \
    --hash=sha256:2a36e654181ecb996241bae256d28f26b03d019d6ef65c61dcf44396ab07c548 \
    --hash=sha256:2c71da070224baf426850d9eab23ac797d9859b1841dbda43012c01b69697803 \
    --hash=sha256:2cbc83154c8b0201ada07bc5d6e37106df6325f2fda60d73228e2e8da7433cae \
    --hash=sha256:2d25e41851e41539898116ac760fcc856e2c1047a843a336b19e2c8e4a43ad16 \
    --hash=sha256:2ef9a284ec658d48ec57edfba0944d1582532601472f695b799ba08d37fd6544 \
    --hash=sha256:3077ace9bf59f8513c8471a817a5af63699987dc024f535c1eac3447a4d70211 \
    --hash=sha256:307dbd844f678de48ea74cdc909b007729c50e6be7f182bdf6a1df6732374c69 \
    --hash=sha256:32a32d2664e602b20e4b9c11234cb32f2e985323e453b2b396ea4ae686d82052 \
    --hash=sha256:3367d5eefae493ac2a1586ec11cc8213c3305528ed3f8e19d5c3871cc01da6ce \
    --hash=sha256:33c2860b73ea342c0a42bee9ebe3b3a0de3d68c580c4dcb52241cf4b6663731b \
    --hash=sha256:33d3a772ff62c882a5d1402045e17c0199f33b9b173139071c4203e7e0292420 \
    --hash=sha256:356fc21b4c313decb3214a4306bb5bd0623dce4a8d03d0d5ada6fb0b6a5b93b5 \
    --hash=sha256:35d48ce3dee087b63b15cd0a7a3110d0a76c29edbe1f2ad0520b8c4adb7cb596 \
    --hash=sha256:39d8d5490ba4b8f26ef2aef72b775b1e7fc1a5ebaf28d11e637eb27b0b6a3048 \
    --hash=sha256:3cc1a82779315f7b2a4642d5028b39057838cd4c0415744d4e53c8b512352141 \
    --hash=sha256:3d75065d9f6ed1afb2a41588def408cf442cee65b3651cbd7e86650146127bb4 \
    --hash=sha256:3de4eab8c763393b75bbb26f81934ab2cc8794f48f79e90622e3ab7ea57f3d14 \
    --hash=sha256:445623b1337e971ccc571d3642aeb3f2fec77e60b6ee193dd7688168471d1846 \
    --hash=sha256:48e84252a16234ee860206a738f9a5084f830a5d0a1370a418d3af4e917f5e08 \
    --hash=sha256:490a81770599b17b8594227674872dfb215af05f2be0065a32a7c70175fd9e23 \
    --hash=sha256:4a9cd8485a6729387c889c88c24d5eace39dc0c0c9ddb9003f9c81751f654b69 \
    --hash=sha256:4ac52b95a938789fcfcfbf6faf647b45d7be940f0c51f06991c1353db54c67aa \
    --hash=sha256:4f39485bb02dae23e14cdbad086ab0e468756775bc5c64bb69e7cb756ebc1dcd \
    --hash=sha256:5133884ec10c9d6bcf7fed4ceb98fb3a6acbb6c2ba1bab6c4b6700d6c39c7595 \
    --hash=sha256:55493b5b6cb6c4ec9a3c310d4ef947dbd34326ee4eecd4249e18e00d84f14be5 \
    --hash=sha256:56d8659c65166641d8f1b5efccc391c62c8a899eff4d528b981cc62b7b402a4b \
    --hash=sha256:57f405fcb82e2b78df88f04f8aa49ce513ce23bfea073b581597bd52545e9b3f \
    --hash=sha256:5db80d0b1c8238940b5957dd66b5c818ea40a221f6652fb717c027a562d09c77 \
    --hash=sha256:5dd356a646fe549d42b766cb9075b54eccd3f20604d87a3eff25f1430bba5b2e \
    --hash=sha256:5e49096c90364317897b8d9fe97e2f86063dc0fc0bcd352017ea6fdd703ff25d \
    --hash=sha256:5e674cecb61cb160be392da07fd8a71509ef927f437fbf3215432692ed385151 \
    --hash=sha256:5fecba510f6b8f9cf1dfd103d785a61da47221cf09d4cec10946d1950daf1a17 \
    --hash=sha256:610371fe95c7e8e824ad8762248836cabbb5a4ab8befb982cb7dc8df773075d3 \
    --hash=sha256:61a9da95a836e7d300945891265bbeb6510a860863f6b01ed6397e6239a31253 \
    --hash=sha256:635482cd183a1856da75a39c473a2e222697b7927f1955f586db83fc8a5da17c \
    --hash=sha256:63fa79eab192623acb169de1dfe8e733598c4047d06f7712347d1bb810a5ad20 \
    --hash=sha256:647983d2609be6155c748249e770ab7e75e15e386cbf15469569f3eaf165bbb7 \
    --hash=sha256:665207e41bacd435db001099eeab44103197c2c1a729d73ade74688a905ed4ce \
    --hash=sha256:690ab9d06cd689b79aab84afa0984a1bc85ea4b93b0a42b015f3ff5e2f5b08be \
    --hash=sha256:6b5dc780377e35be6b0cf6fec7fb4a45cadb1e834bc0ef2ce596cc015290ef69 \
    --hash=sha256:6c0f60b05cc708e6cdf68dbca86b7a36d99695962db0189bb1b3884ca3b28e90 \
    --hash=sha256:6c997a1703401089bc02d731e360127428fb4ecdf6524268e8975882ff02528b \
    --hash=sha256:6d416ed4058ea38f69884f3db523b0414c0094d262dde63694aa254e32a433e6 \
    --hash=sha256:6f198b622a3ccf02eeab00de71f6b2f45b1b50b1979aa56b25178c963e475950 \
    --hash=sha256:6f64c66b3b13758b4f8f56f17972cd0ce5d0033d19d7332ed32e2dbdbce94dec \
    --hash=sha256:6fe39780de6916ecb1c664eda81802e6310fd9d4a07dccb13a86b63918e00e65 \
    --hash=sha256:6ff5a98456194621f757d6226f88035c00ebbeab0a9095dc9b5a9ec5cc94b50b \
    --hash=sha256:70082b2a8f099b8bf660b553b22a4b8ffd34fcc09ef154fc6b9c7108518fc124 \
    --hash=sha256:72df83ee0eb89b070e28d1260786d13485b98a8b80228c7439d303dd9aac9970 \
    --hash=sha256:7a7ddc9a8ca1795166a1ca80364b8ce74187fc210e112d3fb048b711b934f36c \
    --hash=sha256:7ab7ad8b557d1f21e8b4a97a2c1a2ac82cf10c92d6a875c90f038ca9ed85dc5b \
    --hash=sha256:7bb75921a4885d30d9e881d7a595ce50407a8a82933e15451ad7e0d89d1a5944 \
    --hash=sha256:7d2eed2e4d231278a2ccab3f4bfa2c1e39855f336475f7756a281d767d2b1753 \
    --hash=sha256:82c27460ff2ea683159a204db2f9ce0f9549dec7070aa0809fbc36226bac1816 \
    --hash=sha256:837c1859913798d8bebcd98d4a037e113f8d79e81733009bf590e449769eecb3 \
    --hash=sha256:862c29f7e7927e71391df6700079b1dd7c2aeb75115dc46e37004a092f8f16b7 \
    --hash=sha256:8c8a63d55cdf3c716225a2f8741a1df7a52b5fa98ac7530165c9cc9b32feabcc \
    --hash=sha256:90aa2a7f9cc1cd2e8082db61618a2ed0f4197eef52266a6420e88277f184e328 \
    --hash=sha256:92e06a5ecabd6e8352da58b9201ae241a1e7382c1419defa9d2f64ad4ea6abf2 \
    --hash=sha256:98620c9c4c22568ad70f57b80527c780b6f8fd26e36507bf8e2273262a228275 \
    --hash=sha256:9887e9455398a1517294dec14e23ed9a178c8dd909f2788e971b66623d3f7c16 \
    --hash=sha256:99034ec353c973e2c89555866083491b9a2dbe81f2fbe15fb0f2b68506232f01 \
    --hash=sha256:994fa00a9b0d14c6e6926ff5ade98d4d83676a5eeab6f87718170e481396d380 \
    --hash=sha256:99896cc18fb421be93e337d6bf2c1686ba330bc2d5c0ef581c842f0639a5e886 \
    --hash=sha256:9c407afee6ea4caa313e815814e76d8447fcd32f81e3331d7937c2d33ab80c1b \
    --hash=sha256:9ce34fc5a6f6c9b2ba4a8060009d989e4f55630e3f9c3bf5962f42dcc31355ef \
    --hash=sha256:9e1c602c55dc8ec05cc7e0a8e31f3ad3d4644dbcb7ac39114105c9bd0384371f \
    --hash=sha256:9e61478a8a06e6456ff2e66b9ac18f7f28d76a75fa5fda0c5198a4de07b8dcb8 \
    --hash=sha256:a87ab35e92d40b53c5373af36625794e422f83ec56122f0a63871892856d721c \
    --hash=sha256:aabd43208e335f4c3f0b56de3464b066dd425983a58f6eeb5738bcd7465403db \
    --hash=sha256:ad2027883344e70ddddff02259411f80faf47d5e779eb0e39cb95ee546fa628c \
    --hash=sha256:ae9f7055e7357b2873866a3d77d0136a251ca2ae2dde3d8cdb819425d717c177 \
    --hash=sha256:af06c9099df15ee44fda3fdfa002bfe37de02901c2b3a5ef350853861ef3b4b5 \
    --hash=sha256:b5f85bffdfe17da7dfff78eb32b261c27f3cd64c060033645079493f4cebc8e9 \
    --hash=sha256:b7b7e6be82fd6d5256adabb82253c5c307de981cc20c0ce4cff0cbe6de88529b \
    --hash=sha256:b9190d4901d7786af9ab0ec46172e27cf7d72cdba2b82ee38eb40aadd3239a6e \
    --hash=sha256:bb2d4ad7f9bac398a7a19f07bd09fd5b2c1e4eeab316065aa84a305f62fc5361 \
    --hash=sha256:bda6af6fb4d5fe9532620e4f72d3c7efcdf7472ead9037b184c0a060f0e7c71f \
    --hash=sha256:c07eaf30bc072b179acc8ac50519a2a81f03f88a220750c6d83dadbdc33fb1de \
    --hash=sha256:c0ea77435b1d5a27cccf27f8762f50e73fd2d94e8e412a8e5cdedb650b36d5fc \
    --hash=sha256:c1fa3f84cee5211a3e574ba76ac9596df8c8d16a855f31a25681d23eadcc6c16 \
    --hash=sha256:c90f34f1b1905d7d6c42b25b6ffb4e5066e6c95c7715169e3332b1760614d092 \
    --hash=sha256:cb6374a84f11a6b25e63aa69ee2d015286048c1efee93c4a3b5b8df62da79ff8 \
    --hash=sha256:cc5d0f82cf05beb6c0d463398173a09357ed4f4a631f7641cef6f6480a05bc57 \
    --hash=sha256:cce8e5243d95068f595155663e3e18b1938b16cf716dce6cf2491ebc08b98d96 \
    --hash=sha256:cda393bb35828e3993fcaf39c8ede78b16614954eb15fe77336d5d141be40f76 \
    --hash=sha256:ce6505846d29f860966e0e9cfadaad1041a7d8ce7dc4af39940fcb1877dec29a \
    --hash=sha256:d10a442c6450ebd35aa89392b8e4b0459ba474df63fc5e6828573d0a31a627ec \
    --hash=sha256:d1d52739de118acf82bfbaf7046955ead4fb613d24ba4187be565cd91ff9a64e \
    --hash=sha256:d36e9097a1bc6eebe8858216ccd2326f561662de4e50c27533452491c1cf1685 \
    --hash=sha256:d514026ca1c473cc14440e4d7bdf6721c642455b647a74c8143c0f22da358c28 \
    --hash=sha256:d539a51be176e874ed66029b2df8cb8e1123a3e6420d52a690de6effded4f20d \
    --hash=sha256:d7b3a8a4bbd83ad8b29758f5d24bab10a3f2de87970db36f1e3651c733353136 \
    --hash=sha256:d963442186918577ad83e3a8c5564eeeba90e2da233ce59f6eeccbb7b5cf771e \
    --hash=sha256:db6538d733047f9ce4b74ee29c77643a1f99e4ca36e273495da93fbeedd2f03f \
    --hash=sha256:e27003c0a93a5aa541c260bd8ba8b917a2af4c378eb684daa9f1565f5e363181 \
    --hash=sha256:e3037d02425863ce9501afbaa04ba967162810004bacde39a53ea9a5b740eb32 \
    --hash=sha256:e337dceb936f333775cf51d49f6badb8cd3d2a6b27e8cb443a6c5861fbf3c1f9 \
    --hash=sha256:e33dfc13c02d9c4e55bcf3f3b2eb448537823a6f6f30bf737b2974b63a530bc9 \
    --hash=sha256:e7663a6803a47255c32cc7e17ae3ccfe02dba5b0849f87729651c0263a129d20 \
    --hash=sha256:ecc27adda0d1e1bc39793b41fdd562d2f4bc4dcee6ee0e3c733d519c332183b2 \
    --hash=sha256:edfd2b0cad175780f8668fd6f66486354b8770e4057e44038daaa4a066f8ddff \
    --hash=sha256:f02091b425bbcc2d8481913855c744baa4dd73e334814337b201d837e9040ef7 \
    --hash=sha256:f4381151a29a7b9307842ff444609c4b9a402775fbe9afb3ec3e34ec0396bbae \
    --hash=sha256:f568bdc17b7ebb3a323ee8920468d2ed74af84da911a00d9585ac887bac73b88 \
    --hash=sha256:f584dd93ef6ddb10ba028e247fe1fc0ba52ed70ca4d596bb8d52bf4304c147ec \
    --hash=sha256:f5e8a0ce681ddabf6a35d7b817d74a94ab237ae7233a5b97118db0b4e524473f \
    --hash=sha256:f93c60d8c522b4ecea35dd6c58cc42f251ecb12882a5d67d4bd8d12137fbd05b \
    --hash=sha256:fbaf76379bf2a72e534bbb1276d45e63a80d8cade17953ed79a350d6426262fb
    # via transformers
rich==15.0.0 \
    --hash=sha256:33bd4ef74232fb73fe9279a257718407f169c09b78a87ad3d296f548e27de0bb \
    --hash=sha256:edd07a4824c6b40189fb7ac9bc4c52536e9780fbbfbddf6f1e2502c31b068c36
    # via typer
safetensors==0.8.0 \
    --hash=sha256:040070828e36dc8e122178bbbd5830ff9e97920affb84cbe0f46442497bed358 \
    --hash=sha256:096ec1a98435df7beb08853bb5aa9081a84f23d0adc67ed1a0a10550f608373f \
    --hash=sha256:2ddf52eac562eda224f99acfa7889d02968c1fd59a5b011ae7d8137c37e9c02d \
    --hash=sha256:3ae091f16662658bdc019a4ff6cb4c085bb7d725eb5978b183ffd265863b6d2d \
    --hash=sha256:4124502b78f03534117c848f87a39b8f31e577b15eff423bf8bfb95f2a8c30d0 \
    --hash=sha256:4a95ae2b05d7726d751da4ebf626a2ca782b706e101bd894c95bc2450b1cffcc \
    --hash=sha256:7a46e5ff292c356d6991e60942ba7f79817682d3a2cef0702136448cb9c4d235 \
    --hash=sha256:7bc0a787ba8a35be368ee3574edfa2b1ad389eebd0a72e482ae275490e3f6c98 \
    --hash=sha256:87eec7ffed2b809f05a398a8becb7d013f19f7837cd15d9748580d6cf30dbaf4 \
    --hash=sha256:8e080062fcde23be189565e1c3305d16751a218ecf9412c8601e64204eb6f846 \
    --hash=sha256:8e9f537aa183a38ace122d27303dcd986b26bd2a7591f9181d7f0c396f4677ca \
    --hash=sha256:c554f85858e05226d3c2828e32395e677434685d6d94594a41643361c5e837f0 \
    --hash=sha256:c80201d22cbf405b80647a60ada77bba06c8fba2da2743ba1e89cdcc39a81f25 \
    --hash=sha256:f7838e5135a406ad3e02efdcb8cf2e5397d368b0154537c4fec682dbc544d452 \
    --hash=sha256:fabaf3e0f18a6618d9b36560682562157f77c2b71fcffc7b432be2baed9d753d \
    --hash=sha256:fcdd41ec4628fee5799f807c73c353629130fbd942aa23d83c623dd6c9d52d78 \
    --hash=sha256:fd6f3f93c9a0a7cc2788ee63fb763353d4bd2e89b0751bc78fcf7dda00bea774
    # via transformers
setuptools==84.0.0 \
    --hash=sha256:51a52592b3b99e102b609654876bd65f19f999935166d1352678931132b0c670 \
    --hash=sha256:f4695c21257f0d9b537ec2692c941d02ee143b7cc1276941349a546573b2ef73
    # via torch
shellingham==1.5.4 \
    --hash=sha256:7ecfff8f2fd72616f7481040475a65b2bf8af90a56c89140852d1120324e8686 \
    --hash=sha256:8dbca0739d487e5bd35ab3ca4b36e11c4078f3a234bfce294b0a0291363404de
    # via typer
starlette==1.6.0 \
    --hash=sha256:a86dd39d14bb45f85a3d18525215a9ef0cfd1f192ac793220e72598c90335f0c \
    --hash=sha256:d4e3ac5e546444960c710297a3c9fc3f7ebae1b7e963f3d36173b49da535be9b
    # via fastapi
sympy==1.14.0 \
    --hash=sha256:d3d3fe8df1e5a0b42f0e7bdf50541697dbe7d23746e894990c030e2b05e72517 \
    --hash=sha256:e091cc3e99d2141a0ba2847328f5479b05d94a6635cb96148ccb3f34671bd8f5
    # via torch
tokenizers==0.23.2 \
    --hash=sha256:12f0835dc2ee694746a76adf7b1567d4346a4a502ebe93fb1f5f80ea49799b78 \
    --hash=sha256:2e96f5699d5249c9c64aa8412e044f727aae3a4098cf830f9901ec1afc361cde \
    --hash=sha256:325fee2e0418a9dc6c9ecf736a5f5f0db7875183ace9549ae339da76f7a1fbb7 \
    --hash=sha256:41c2f84d172449b4dadb9cdc508e3e364076613c35b16e76ecfe47a60d1e3305 \
    --hash=sha256:43e4f2071e3cc8d5d86421c874aebc82659bb51a68bcdef5a0da75ee89511ccb \
    --hash=sha256:5c56bda1511921587789163e524d196ed8284174ac23abd7685d5ea8da6c4718 \
    --hash=sha256:7b7e37ba198f24150f523e1242e83c4970de4a525480586be5dcc24d9add32c5 \
    --hash=sha256:7f0f085686b9de0d0079e6f874ae053600db64c5d13049e0bbc0119926d25aac \
    --hash=sha256:85a9a357a3764aecc904ee76bdaf8cf1ad8e5a67a1b929a487c4a39b49ed0e90 \
    --hash=sha256:950d7c9426fa72406a0ffeacdbc0bb9985f5db20eb8b263f29c79aaf83105703 \
    --hash=sha256:986670e43691469dcee610ea0f846f91a8f84e91fc6f7a48d4c064414c0ec2bf \
    --hash=sha256:a37039b5dfc4af84eb3ef0a92f4307e28936c8f9adccba2629d36f652e9bf7a2 \
    --hash=sha256:bef235815a067b2648caf6dcc7a71091b0b0fff9ee8057f6451eb9335fae52ef \
    --hash=sha256:debf978920d93ba9c219bd67cc4bbfaf912c9039e41e7a28b91ec15e3728c95a \
    --hash=sha256:e49c394456dd9985787fec76132438ba3fb8911f857b1bf3d40119f9292d41aa \
    --hash=sha256:eb2f9c8a24da020ea8c11a01a19c1c2547912d92121ae4a01cfbca46125dee40 \
    --hash=sha256:f486f402f6f9abee5bb032553736813af0c710a86b2e0ca592634c55cea1f835
    # via transformers
torch==2.14.0+cpu \
    --hash=sha256:019463a7566401db8b1ed142026086db8fa680abda49ec41a60a8718d88e891d \
    --hash=sha256:07aefe1a437b6f1b41b0cba15e16583e2f43549ec9d062fcea8e7981a78e014a \
    --hash=sha256:07d50e40232d2757be323693e38f531e04ee654d40537bc0b04e787c1e73a27a \
    --hash=sha256:08894195f84541edcbd09072e6c53b791d4cdd09f650b05473f35718a848fd7b \
    --hash=sha256:092d5c12938850dfbd90a654b3c8dac34c33e300f88eb19ee6f4ef93992c6347 \
    --hash=sha256:160e1bc46aeded3111d2801f8ae10dc9a1b946843a7e126b4dbf5e19c5706e95 \
    --hash=sha256:18b417c953e9b4d8b79294ca5184586790f0a609b3929e39258cea854b945870 \
    --hash=sha256:266a253980047f3c037191f45d7e7ecfa838d13102141ca57b86fcc892663004 \
    --hash=sha256:27b34640fea7268862961b734c723873e15b1c2657b1eb84bcfac053e5841527 \
    --hash=sha256:2baf9cbaef964d821465df0c53a91cc01b2d0ea29ebd199e2f9c7d27a7fc70a4 \
    --hash=sha256:38f0a0330267b36d76b988754878d94001c1519fe3743bd92f038ce5622bea5a \
    --hash=sha256:3fa39713d13f23563ad11636bfff76b677ab4addbc240c54e6b7e47622e8973d \
    --hash=sha256:420e7dbed969bbd045b34105fa90d1ccf3e5c09c4e9b0d0a5f9df25df9d02d2e \
    --hash=sha256:4b1b78f8b9b1393576ef03cab0e6d941a6aa562b7539c45da12d80e86c09f9ed \
    --hash=sha256:5a3d72abbd3499175a4a6a45056fcc00898c2845235e534538cdcbdeedf642ae \
    --hash=sha256:673dbf5c9bbadfffab7a386b6dd7a0c219f1408a328b7b4e86d0ae551cdafa42 \
    --hash=sha256:70a98493729cdd06f2735a7e4c4867e64e5d5b4eebbd6ffb841b7b034b16aff3 \
    --hash=sha256:70b02d91b68ba0652b53294f51afbe774eea0f1f52b91a20207982298af294a2 \
    --hash=sha256:738cd9237bf63443a5e5f9652e5115f7b0510b089636a43d4011e9fccede714f \
    --hash=sha256:7beed32d29ad533bb32fb5122f34050c54286d0a3933024edf7e36c489ce3c82 \
    --hash=sha256:8e2c47c6556c7d5a85848634372bb2252907d411e9cad669c99406856d536eb5 \
    --hash=sha256:8fe5ff05cf3511daecdea986005f312f3b9cdbaf07ccf0bc42c68d01a4ae5d4d \
    --hash=sha256:a09987c95ec4cffdb6df798d3d641558110a334cfccce22f2f046d83142bc260 \
    --hash=sha256:a6ff46c0c0c4f5b9b399dff5e4856a98ce18e61ca14ad74b21790174c7cbde08 \
    --hash=sha256:a8b2fa9a03d81bc083f279737fce1cd8d1ed2e267da92215260cd644dcfdd3fe \
    --hash=sha256:c1d81be03f715eca5b065fc767f73b2a26668a16d614e163a4378a3f38a5e471 \
    --hash=sha256:ca9b3c2c652587f7b26c86d30be3648f553bd07fb3cf9b3edb645e7eafe295a3 \
    --hash=sha256:d87cfff3af33c937b88c9bc6c0dfa17f2156e2599f63447c696f2345928b518a \
    --hash=sha256:da8140c3d4a41500d29710e35bf8e66a4295ec31026487c69f54a3f583310f8d \
    --hash=sha256:e22ddf8a9fff9934fe2dd2440d45c437bb0539f2d6d24b57b26981d6dca4157c \
    --hash=sha256:f152f41dc5dc462afe0de780e451ebb47ea8b4451f8f919f9537aa8e2cbe1d7e \
    --hash=sha256:f2ffdacd95d7090a8bdfa8426f5d1557625874b19a96ba23a41f640d4a0c9c28 \
    --hash=sha256:ff2e3a049e4c6d406d2f87acad9b2907d5052a3fa6d0e658b5f6e48d46bae11b
    # via arxiv-classifier-api (pyproject.toml)
tqdm==4.70.0 \
    --hash=sha256:55b0b0dbd97462d06ebee91e4dac24ed4d4702be82b24f07e6c1d27e08cea220 \
    --hash=sha256:7f585706bfddbdebf89daac705b2dfcc16890130727d3197ca62c732b4310953
    # via
    #   huggingface-hub
    #   transformers
transformers==5.16.1 \
    --hash=sha256:17b0eac726ddc55e84ac58946063e0c6d37fd000c456b581f050ea0f4e822869 \
    --hash=sha256:2f2d5b98a5ad3718713653734298fa620754ed683702a635ebb587df3ed29c7e
    # via arxiv-classifier-api (pyproject.toml)
typer==0.27.2 \
    --hash=sha256:269b7eb9d3c202ca84b4bc9618cb04ebb43d3d4d1e567e4c768607232c05f945 \
    --hash=sha256:b3a5fc4342d5fc8fda8fc3010b1cf117e9249aab7fae800c2eff62fd3842d97d
    # via transformers
typing-extensions==4.16.0 \
    --hash=sha256:481caa481374e813c1b176ada14e97f1f67a4539ce9cfeb3f350d78d6370c2e8 \
    --hash=sha256:dc983d19a509c94dba722ee6abd33940f7c05a89e243c47e907eb4db6f1a43e5
    # via
    #   anyio
    #   fastapi
    #   huggingface-hub
    #   pydantic
    #   pydantic-core
    #   starlette
    #   torch
    #   typing-inspection
typing-inspection==0.4.4 \
    --hash=sha256:547274fa6b0a561ccf549cc9524b999a578e737d015d8709d021f9d0d13bea47 \
    --hash=sha256:65b8397ba37ccbce054456aaccddfc91e6e3083c92824df348d96ca832f3f147
    # via
    #   fastapi
    #   pydantic
uvicorn==0.52.4 \
    --hash=sha256:73acfee47a0b133c5de13d219492d62d8a31e935f4fe6e41a232451a15379f86 \
    --hash=sha256:f86e41a149d7d05a9969337e3946a9c171c06a5d42680896daaba624aeac8da1
    # via arxiv-classifier-api (pyproject.toml)
